// !$*UTF8*$!
{
	archiveVersion = 1;
	classes = {
	};
	objectVersion = 48;
	objects = {

/* Begin PBXBuildFile section */
		434886181F896E1D007CC64F /* WebKit.framework in Frameworks */ = {isa = PBXBuildFile; fileRef = 434886121F896D9F007CC64F /* WebKit.framework */; };
		4348861B1F897D18007CC64F /* DCRegViewController.m in Sources */ = {isa = PBXBuildFile; fileRef = 4348861A1F897D18007CC64F /* DCRegViewController.m */; };
		434886221F8A105C007CC64F /* LGHTTPClient.m in Sources */ = {isa = PBXBuildFile; fileRef = 434886211F8A105B007CC64F /* LGHTTPClient.m */; };
		434886261F8A10A3007CC64F /* LGError.m in Sources */ = {isa = PBXBuildFile; fileRef = 434886251F8A10A3007CC64F /* LGError.m */; };
		4348862C1F8A19DF007CC64F /* NSDictionary+LGHTTP.m in Sources */ = {isa = PBXBuildFile; fileRef = 4348862B1F8A19DF007CC64F /* NSDictionary+LGHTTP.m */; };
		434886301F8A1A5C007CC64F /* NSMutableURLRequest+LGHTTP.m in Sources */ = {isa = PBXBuildFile; fileRef = 4348862F1F8A1A5C007CC64F /* NSMutableURLRequest+LGHTTP.m */; };
		434886331F8A1AF3007CC64F /* DCRequest.m in Sources */ = {isa = PBXBuildFile; fileRef = 434886321F8A1AF3007CC64F /* DCRequest.m */; };
		437BE38E1F89547A00F7FB0C /* AppDelegate.m in Sources */ = {isa = PBXBuildFile; fileRef = 437BE38D1F89547A00F7FB0C /* AppDelegate.m */; };
		437BE3911F89547B00F7FB0C /* ViewController.m in Sources */ = {isa = PBXBuildFile; fileRef = 437BE3901F89547B00F7FB0C /* ViewController.m */; };
		437BE3941F89547B00F7FB0C /* Main.storyboard in Resources */ = {isa = PBXBuildFile; fileRef = 437BE3921F89547B00F7FB0C /* Main.storyboard */; };
		437BE3961F89547B00F7FB0C /* Assets.xcassets in Resources */ = {isa = PBXBuildFile; fileRef = 437BE3951F89547B00F7FB0C /* Assets.xcassets */; };
		437BE3991F89547B00F7FB0C /* LaunchScreen.storyboard in Resources */ = {isa = PBXBuildFile; fileRef = 437BE3971F89547B00F7FB0C /* LaunchScreen.storyboard */; };
		437BE39C1F89547B00F7FB0C /* main.m in Sources */ = {isa = PBXBuildFile; fileRef = 437BE39B1F89547B00F7FB0C /* main.m */; };
		437BE3A61F89547B00F7FB0C /* diamondCardTests.m in Sources */ = {isa = PBXBuildFile; fileRef = 437BE3A51F89547B00F7FB0C /* diamondCardTests.m */; };
		437BE3B41F8954C000F7FB0C /* DCLoginViewController.m in Sources */ = {isa = PBXBuildFile; fileRef = 437BE3B31F8954BF00F7FB0C /* DCLoginViewController.m */; };
		AEF38FED1D2B7DC4D226130A /* libPods-diamondCard.a in Frameworks */ = {isa = PBXBuildFile; fileRef = 8E0CBC7E332C75D8DD20EEF3 /* libPods-diamondCard.a */; };
		C645CD77C2DD75CFA550E702 /* libPods-diamondCardTests.a in Frameworks */ = {isa = PBXBuildFile; fileRef = FEF3457CE4324F07772946ED /* libPods-diamondCardTests.a */; };
		D71AFC831F9A03BB000A44C9 /* VPBiometricAuthenticationFacade.m in Sources */ = {isa = PBXBuildFile; fileRef = D71AFC821F9A03BB000A44C9 /* VPBiometricAuthenticationFacade.m */; };
		D71AFC851F9A0BC2000A44C9 /* CoreImage.framework in Frameworks */ = {isa = PBXBuildFile; fileRef = D71AFC841F9A0BC2000A44C9 /* CoreImage.framework */; };
		D71AFC881F9A0BDE000A44C9 /* CIColor+QRCode.m in Sources */ = {isa = PBXBuildFile; fileRef = D71AFC871F9A0BDE000A44C9 /* CIColor+QRCode.m */; };
		D71AFC8B1F9A0CCD000A44C9 /* QRCodeGenerator.m in Sources */ = {isa = PBXBuildFile; fileRef = D71AFC8A1F9A0CCD000A44C9 /* QRCodeGenerator.m */; };
		D71AFC921F9A0D88000A44C9 /* LGQrHomeVC.m in Sources */ = {isa = PBXBuildFile; fileRef = D71AFC911F9A0D88000A44C9 /* LGQrHomeVC.m */; };
		D71AFC951F9A0ED8000A44C9 /* LGUserData.m in Sources */ = {isa = PBXBuildFile; fileRef = D71AFC941F9A0ED8000A44C9 /* LGUserData.m */; };
		D71AFC991F9A234A000A44C9 /* ContrAgentHomeVC.m in Sources */ = {isa = PBXBuildFile; fileRef = D71AFC981F9A234A000A44C9 /* ContrAgentHomeVC.m */; };
		D71AFC9C1F9A46F5000A44C9 /* PuscareViewController.m in Sources */ = {isa = PBXBuildFile; fileRef = D71AFC9B1F9A46F5000A44C9 /* PuscareViewController.m */; };
		D7AAA0F61F8E40E6003A7F6C /* ACProgressBarDisplayer.m in Sources */ = {isa = PBXBuildFile; fileRef = D7AAA0F51F8E40E6003A7F6C /* ACProgressBarDisplayer.m */; };
/* End PBXBuildFile section */

/* Begin PBXContainerItemProxy section */
		437BE3A21F89547B00F7FB0C /* PBXContainerItemProxy */ = {
			isa = PBXContainerItemProxy;
			containerPortal = 437BE3811F89547900F7FB0C /* Project object */;
			proxyType = 1;
			remoteGlobalIDString = 437BE3881F89547900F7FB0C;
			remoteInfo = diamondCard;
		};
/* End PBXContainerItemProxy section */

/* Begin PBXFileReference section */
		00A56642DE956BB8EEE51C8E /* Pods-diamondCard.debug.xcconfig */ = {isa = PBXFileReference; includeInIndex = 1; lastKnownFileType = text.xcconfig; name = "Pods-diamondCard.debug.xcconfig"; path = "Pods/Target Support Files/Pods-diamondCard/Pods-diamondCard.debug.xcconfig"; sourceTree = "<group>"; };
		2311C9A028DE6C82F418B758 /* Pods-diamondCardTests.release.xcconfig */ = {isa = PBXFileReference; includeInIndex = 1; lastKnownFileType = text.xcconfig; name = "Pods-diamondCardTests.release.xcconfig"; path = "Pods/Target Support Files/Pods-diamondCardTests/Pods-diamondCardTests.release.xcconfig"; sourceTree = "<group>"; };
		434886121F896D9F007CC64F /* WebKit.framework */ = {isa = PBXFileReference; lastKnownFileType = wrapper.framework; name = WebKit.framework; path = System/Library/Frameworks/WebKit.framework; sourceTree = SDKROOT; };
		434886191F897D18007CC64F /* DCRegViewController.h */ = {isa = PBXFileReference; lastKnownFileType = sourcecode.c.h; path = DCRegViewController.h; sourceTree = "<group>"; };
		4348861A1F897D18007CC64F /* DCRegViewController.m */ = {isa = PBXFileReference; lastKnownFileType = sourcecode.c.objc; path = DCRegViewController.m; sourceTree = "<group>"; };
		434886201F8A105B007CC64F /* LGHTTPClient.h */ = {isa = PBXFileReference; lastKnownFileType = sourcecode.c.h; path = LGHTTPClient.h; sourceTree = "<group>"; };
		434886211F8A105B007CC64F /* LGHTTPClient.m */ = {isa = PBXFileReference; lastKnownFileType = sourcecode.c.objc; path = LGHTTPClient.m; sourceTree = "<group>"; };
		434886241F8A10A3007CC64F /* LGError.h */ = {isa = PBXFileReference; lastKnownFileType = sourcecode.c.h; path = LGError.h; sourceTree = "<group>"; };
		434886251F8A10A3007CC64F /* LGError.m */ = {isa = PBXFileReference; lastKnownFileType = sourcecode.c.objc; path = LGError.m; sourceTree = "<group>"; };
		434886271F8A1701007CC64F /* LGDataSerializerProtocol.h */ = {isa = PBXFileReference; lastKnownFileType = sourcecode.c.h; path = LGDataSerializerProtocol.h; sourceTree = "<group>"; };
		434886281F8A172D007CC64F /* LGRequestProtocol.h */ = {isa = PBXFileReference; lastKnownFileType = sourcecode.c.h; path = LGRequestProtocol.h; sourceTree = "<group>"; };
		4348862A1F8A19DF007CC64F /* NSDictionary+LGHTTP.h */ = {isa = PBXFileReference; lastKnownFileType = sourcecode.c.h; path = "NSDictionary+LGHTTP.h"; sourceTree = "<group>"; };
		4348862B1F8A19DF007CC64F /* NSDictionary+LGHTTP.m */ = {isa = PBXFileReference; lastKnownFileType = sourcecode.c.objc; path = "NSDictionary+LGHTTP.m"; sourceTree = "<group>"; };
		4348862E1F8A1A5C007CC64F /* NSMutableURLRequest+LGHTTP.h */ = {isa = PBXFileReference; lastKnownFileType = sourcecode.c.h; path = "NSMutableURLRequest+LGHTTP.h"; sourceTree = "<group>"; };
		4348862F1F8A1A5C007CC64F /* NSMutableURLRequest+LGHTTP.m */ = {isa = PBXFileReference; lastKnownFileType = sourcecode.c.objc; path = "NSMutableURLRequest+LGHTTP.m"; sourceTree = "<group>"; };
		434886311F8A1AF3007CC64F /* DCRequest.h */ = {isa = PBXFileReference; lastKnownFileType = sourcecode.c.h; path = DCRequest.h; sourceTree = "<group>"; };
		434886321F8A1AF3007CC64F /* DCRequest.m */ = {isa = PBXFileReference; lastKnownFileType = sourcecode.c.objc; path = DCRequest.m; sourceTree = "<group>"; };
		437BE3891F89547A00F7FB0C /* diamondCard.app */ = {isa = PBXFileReference; explicitFileType = wrapper.application; includeInIndex = 0; path = diamondCard.app; sourceTree = BUILT_PRODUCTS_DIR; };
		437BE38C1F89547A00F7FB0C /* AppDelegate.h */ = {isa = PBXFileReference; lastKnownFileType = sourcecode.c.h; path = AppDelegate.h; sourceTree = "<group>"; };
		437BE38D1F89547A00F7FB0C /* AppDelegate.m */ = {isa = PBXFileReference; lastKnownFileType = sourcecode.c.objc; path = AppDelegate.m; sourceTree = "<group>"; };
		437BE38F1F89547B00F7FB0C /* ViewController.h */ = {isa = PBXFileReference; lastKnownFileType = sourcecode.c.h; path = ViewController.h; sourceTree = "<group>"; };
		437BE3901F89547B00F7FB0C /* ViewController.m */ = {isa = PBXFileReference; lastKnownFileType = sourcecode.c.objc; path = ViewController.m; sourceTree = "<group>"; };
		437BE3931F89547B00F7FB0C /* Base */ = {isa = PBXFileReference; lastKnownFileType = file.storyboard; name = Base; path = Base.lproj/Main.storyboard; sourceTree = "<group>"; };
		437BE3951F89547B00F7FB0C /* Assets.xcassets */ = {isa = PBXFileReference; lastKnownFileType = folder.assetcatalog; path = Assets.xcassets; sourceTree = "<group>"; };
		437BE3981F89547B00F7FB0C /* Base */ = {isa = PBXFileReference; lastKnownFileType = file.storyboard; name = Base; path = Base.lproj/LaunchScreen.storyboard; sourceTree = "<group>"; };
		437BE39A1F89547B00F7FB0C /* Info.plist */ = {isa = PBXFileReference; lastKnownFileType = text.plist.xml; path = Info.plist; sourceTree = "<group>"; };
		437BE39B1F89547B00F7FB0C /* main.m */ = {isa = PBXFileReference; lastKnownFileType = sourcecode.c.objc; path = main.m; sourceTree = "<group>"; };
		437BE3A11F89547B00F7FB0C /* diamondCardTests.xctest */ = {isa = PBXFileReference; explicitFileType = wrapper.cfbundle; includeInIndex = 0; path = diamondCardTests.xctest; sourceTree = BUILT_PRODUCTS_DIR; };
		437BE3A51F89547B00F7FB0C /* diamondCardTests.m */ = {isa = PBXFileReference; lastKnownFileType = sourcecode.c.objc; path = diamondCardTests.m; sourceTree = "<group>"; };
		437BE3A71F89547B00F7FB0C /* Info.plist */ = {isa = PBXFileReference; lastKnownFileType = text.plist.xml; path = Info.plist; sourceTree = "<group>"; };
		437BE3B21F8954BF00F7FB0C /* DCLoginViewController.h */ = {isa = PBXFileReference; lastKnownFileType = sourcecode.c.h; path = DCLoginViewController.h; sourceTree = "<group>"; };
		437BE3B31F8954BF00F7FB0C /* DCLoginViewController.m */ = {isa = PBXFileReference; lastKnownFileType = sourcecode.c.objc; path = DCLoginViewController.m; sourceTree = "<group>"; };
		437BE3B61F895D3200F7FB0C /* MapKit.framework */ = {isa = PBXFileReference; lastKnownFileType = wrapper.framework; name = MapKit.framework; path = System/Library/Frameworks/MapKit.framework; sourceTree = SDKROOT; };
		6CED2BC7B7FE237F67A58935 /* Pods-diamondCardTests.debug.xcconfig */ = {isa = PBXFileReference; includeInIndex = 1; lastKnownFileType = text.xcconfig; name = "Pods-diamondCardTests.debug.xcconfig"; path = "Pods/Target Support Files/Pods-diamondCardTests/Pods-diamondCardTests.debug.xcconfig"; sourceTree = "<group>"; };
		7F9902B8206D0D23137B4544 /* Pods-diamondCard.release.xcconfig */ = {isa = PBXFileReference; includeInIndex = 1; lastKnownFileType = text.xcconfig; name = "Pods-diamondCard.release.xcconfig"; path = "Pods/Target Support Files/Pods-diamondCard/Pods-diamondCard.release.xcconfig"; sourceTree = "<group>"; };
		8E0CBC7E332C75D8DD20EEF3 /* libPods-diamondCard.a */ = {isa = PBXFileReference; explicitFileType = archive.ar; includeInIndex = 0; path = "libPods-diamondCard.a"; sourceTree = BUILT_PRODUCTS_DIR; };
		D71AFC811F9A03BB000A44C9 /* VPBiometricAuthenticationFacade.h */ = {isa = PBXFileReference; lastKnownFileType = sourcecode.c.h; path = VPBiometricAuthenticationFacade.h; sourceTree = "<group>"; };
		D71AFC821F9A03BB000A44C9 /* VPBiometricAuthenticationFacade.m */ = {isa = PBXFileReference; lastKnownFileType = sourcecode.c.objc; path = VPBiometricAuthenticationFacade.m; sourceTree = "<group>"; };
		D71AFC841F9A0BC2000A44C9 /* CoreImage.framework */ = {isa = PBXFileReference; lastKnownFileType = wrapper.framework; name = CoreImage.framework; path = System/Library/Frameworks/CoreImage.framework; sourceTree = SDKROOT; };
		D71AFC861F9A0BDE000A44C9 /* CIColor+QRCode.h */ = {isa = PBXFileReference; lastKnownFileType = sourcecode.c.h; path = "CIColor+QRCode.h"; sourceTree = "<group>"; };
		D71AFC871F9A0BDE000A44C9 /* CIColor+QRCode.m */ = {isa = PBXFileReference; lastKnownFileType = sourcecode.c.objc; path = "CIColor+QRCode.m"; sourceTree = "<group>"; };
		D71AFC891F9A0CCD000A44C9 /* QRCodeGenerator.h */ = {isa = PBXFileReference; lastKnownFileType = sourcecode.c.h; path = QRCodeGenerator.h; sourceTree = "<group>"; };
		D71AFC8A1F9A0CCD000A44C9 /* QRCodeGenerator.m */ = {isa = PBXFileReference; lastKnownFileType = sourcecode.c.objc; path = QRCodeGenerator.m; sourceTree = "<group>"; };
		D71AFC901F9A0D88000A44C9 /* LGQrHomeVC.h */ = {isa = PBXFileReference; lastKnownFileType = sourcecode.c.h; path = LGQrHomeVC.h; sourceTree = "<group>"; };
		D71AFC911F9A0D88000A44C9 /* LGQrHomeVC.m */ = {isa = PBXFileReference; lastKnownFileType = sourcecode.c.objc; path = LGQrHomeVC.m; sourceTree = "<group>"; };
		D71AFC931F9A0ED8000A44C9 /* LGUserData.h */ = {isa = PBXFileReference; lastKnownFileType = sourcecode.c.h; path = LGUserData.h; sourceTree = "<group>"; };
		D71AFC941F9A0ED8000A44C9 /* LGUserData.m */ = {isa = PBXFileReference; lastKnownFileType = sourcecode.c.objc; path = LGUserData.m; sourceTree = "<group>"; };
		D71AFC971F9A234A000A44C9 /* ContrAgentHomeVC.h */ = {isa = PBXFileReference; lastKnownFileType = sourcecode.c.h; path = ContrAgentHomeVC.h; sourceTree = "<group>"; };
		D71AFC981F9A234A000A44C9 /* ContrAgentHomeVC.m */ = {isa = PBXFileReference; lastKnownFileType = sourcecode.c.objc; path = ContrAgentHomeVC.m; sourceTree = "<group>"; };
		D71AFC9A1F9A46F5000A44C9 /* PuscareViewController.h */ = {isa = PBXFileReference; lastKnownFileType = sourcecode.c.h; path = PuscareViewController.h; sourceTree = "<group>"; };
		D71AFC9B1F9A46F5000A44C9 /* PuscareViewController.m */ = {isa = PBXFileReference; lastKnownFileType = sourcecode.c.objc; path = PuscareViewController.m; sourceTree = "<group>"; };
		D7AAA0F41F8E40E6003A7F6C /* ACProgressBarDisplayer.h */ = {isa = PBXFileReference; lastKnownFileType = sourcecode.c.h; path = ACProgressBarDisplayer.h; sourceTree = "<group>"; };
		D7AAA0F51F8E40E6003A7F6C /* ACProgressBarDisplayer.m */ = {isa = PBXFileReference; lastKnownFileType = sourcecode.c.objc; path = ACProgressBarDisplayer.m; sourceTree = "<group>"; };
		FEF3457CE4324F07772946ED /* libPods-diamondCardTests.a */ = {isa = PBXFileReference; explicitFileType = archive.ar; includeInIndex = 0; path = "libPods-diamondCardTests.a"; sourceTree = BUILT_PRODUCTS_DIR; };
/* End PBXFileReference section */

/* Begin PBXFrameworksBuildPhase section */
		437BE3861F89547900F7FB0C /* Frameworks */ = {
			isa = PBXFrameworksBuildPhase;
			buildActionMask = 2147483647;
			files = (
				D71AFC851F9A0BC2000A44C9 /* CoreImage.framework in Frameworks */,
				434886181F896E1D007CC64F /* WebKit.framework in Frameworks */,
				AEF38FED1D2B7DC4D226130A /* libPods-diamondCard.a in Frameworks */,
			);
			runOnlyForDeploymentPostprocessing = 0;
		};
		437BE39E1F89547B00F7FB0C /* Frameworks */ = {
			isa = PBXFrameworksBuildPhase;
			buildActionMask = 2147483647;
			files = (
				C645CD77C2DD75CFA550E702 /* libPods-diamondCardTests.a in Frameworks */,
			);
			runOnlyForDeploymentPostprocessing = 0;
		};
/* End PBXFrameworksBuildPhase section */

/* Begin PBXGroup section */
		259F174D56B36B70B83493B8 /* Pods */ = {
			isa = PBXGroup;
			children = (
				00A56642DE956BB8EEE51C8E /* Pods-diamondCard.debug.xcconfig */,
				7F9902B8206D0D23137B4544 /* Pods-diamondCard.release.xcconfig */,
				6CED2BC7B7FE237F67A58935 /* Pods-diamondCardTests.debug.xcconfig */,
				2311C9A028DE6C82F418B758 /* Pods-diamondCardTests.release.xcconfig */,
			);
			name = Pods;
			sourceTree = "<group>";
		};
		4348861C1F8A06EF007CC64F /* CustomView */ = {
			isa = PBXGroup;
			children = (
				D7AAA0F41F8E40E6003A7F6C /* ACProgressBarDisplayer.h */,
				D7AAA0F51F8E40E6003A7F6C /* ACProgressBarDisplayer.m */,
			);
			path = CustomView;
			sourceTree = "<group>";
		};
		4348861D1F8A0E5E007CC64F /* Requests */ = {
			isa = PBXGroup;
			children = (
				434886311F8A1AF3007CC64F /* DCRequest.h */,
				434886321F8A1AF3007CC64F /* DCRequest.m */,
			);
			path = Requests;
			sourceTree = "<group>";
		};
		4348861E1F8A0E67007CC64F /* Client */ = {
			isa = PBXGroup;
			children = (
				434886201F8A105B007CC64F /* LGHTTPClient.h */,
				434886211F8A105B007CC64F /* LGHTTPClient.m */,
				434886271F8A1701007CC64F /* LGDataSerializerProtocol.h */,
				434886281F8A172D007CC64F /* LGRequestProtocol.h */,
			);
			path = Client;
			sourceTree = "<group>";
		};
		4348861F1F8A0E72007CC64F /* Parsers */ = {
			isa = PBXGroup;
			children = (
			);
			path = Parsers;
			sourceTree = "<group>";
		};
		434886231F8A108F007CC64F /* Entity */ = {
			isa = PBXGroup;
			children = (
				434886241F8A10A3007CC64F /* LGError.h */,
				434886251F8A10A3007CC64F /* LGError.m */,
			);
			path = Entity;
			sourceTree = "<group>";
		};
		434886291F8A19A2007CC64F /* Categories */ = {
			isa = PBXGroup;
			children = (
				4348862A1F8A19DF007CC64F /* NSDictionary+LGHTTP.h */,
				4348862B1F8A19DF007CC64F /* NSDictionary+LGHTTP.m */,
				4348862E1F8A1A5C007CC64F /* NSMutableURLRequest+LGHTTP.h */,
				4348862F1F8A1A5C007CC64F /* NSMutableURLRequest+LGHTTP.m */,
			);
			path = Categories;
			sourceTree = "<group>";
		};
		437BE3801F89547900F7FB0C = {
			isa = PBXGroup;
			children = (
				D71AFC9A1F9A46F5000A44C9 /* PuscareViewController.h */,
				D71AFC9B1F9A46F5000A44C9 /* PuscareViewController.m */,
				D71AFC891F9A0CCD000A44C9 /* QRCodeGenerator.h */,
				D71AFC8A1F9A0CCD000A44C9 /* QRCodeGenerator.m */,
				D71AFC861F9A0BDE000A44C9 /* CIColor+QRCode.h */,
				D71AFC871F9A0BDE000A44C9 /* CIColor+QRCode.m */,
				D71AFC811F9A03BB000A44C9 /* VPBiometricAuthenticationFacade.h */,
				D71AFC821F9A03BB000A44C9 /* VPBiometricAuthenticationFacade.m */,
				437BE38B1F89547A00F7FB0C /* diamondCard */,
				437BE3A41F89547B00F7FB0C /* diamondCardTests */,
				437BE38A1F89547A00F7FB0C /* Products */,
				437BE3B51F895D3100F7FB0C /* Frameworks */,
				259F174D56B36B70B83493B8 /* Pods */,
			);
			sourceTree = "<group>";
		};
		437BE38A1F89547A00F7FB0C /* Products */ = {
			isa = PBXGroup;
			children = (
				437BE3891F89547A00F7FB0C /* diamondCard.app */,
				437BE3A11F89547B00F7FB0C /* diamondCardTests.xctest */,
			);
			name = Products;
			sourceTree = "<group>";
		};
		437BE38B1F89547A00F7FB0C /* diamondCard */ = {
			isa = PBXGroup;
			children = (
				D71AFC961F9A200F000A44C9 /* ContrAgent */,
				D71AFC8C1F9A0D60000A44C9 /* Buyer */,
				434886231F8A108F007CC64F /* Entity */,
				4348861C1F8A06EF007CC64F /* CustomView */,
				437BE3B11F8954A400F7FB0C /* View */,
				437BE3B01F89549700F7FB0C /* Networking */,
				437BE38C1F89547A00F7FB0C /* AppDelegate.h */,
				437BE38D1F89547A00F7FB0C /* AppDelegate.m */,
				437BE38F1F89547B00F7FB0C /* ViewController.h */,
				437BE3901F89547B00F7FB0C /* ViewController.m */,
				437BE3921F89547B00F7FB0C /* Main.storyboard */,
				437BE3951F89547B00F7FB0C /* Assets.xcassets */,
				437BE3971F89547B00F7FB0C /* LaunchScreen.storyboard */,
				437BE39A1F89547B00F7FB0C /* Info.plist */,
				437BE39B1F89547B00F7FB0C /* main.m */,
				D71AFC931F9A0ED8000A44C9 /* LGUserData.h */,
				D71AFC941F9A0ED8000A44C9 /* LGUserData.m */,
			);
			path = diamondCard;
			sourceTree = "<group>";
		};
		437BE3A41F89547B00F7FB0C /* diamondCardTests */ = {
			isa = PBXGroup;
			children = (
				437BE3A51F89547B00F7FB0C /* diamondCardTests.m */,
				437BE3A71F89547B00F7FB0C /* Info.plist */,
			);
			path = diamondCardTests;
			sourceTree = "<group>";
		};
		437BE3B01F89549700F7FB0C /* Networking */ = {
			isa = PBXGroup;
			children = (
				434886291F8A19A2007CC64F /* Categories */,
				4348861F1F8A0E72007CC64F /* Parsers */,
				4348861E1F8A0E67007CC64F /* Client */,
				4348861D1F8A0E5E007CC64F /* Requests */,
			);
			path = Networking;
			sourceTree = "<group>";
		};
		437BE3B11F8954A400F7FB0C /* View */ = {
			isa = PBXGroup;
			children = (
				437BE3B21F8954BF00F7FB0C /* DCLoginViewController.h */,
				437BE3B31F8954BF00F7FB0C /* DCLoginViewController.m */,
				434886191F897D18007CC64F /* DCRegViewController.h */,
				4348861A1F897D18007CC64F /* DCRegViewController.m */,
			);
			path = View;
			sourceTree = "<group>";
		};
		437BE3B51F895D3100F7FB0C /* Frameworks */ = {
			isa = PBXGroup;
			children = (
				D71AFC841F9A0BC2000A44C9 /* CoreImage.framework */,
				434886121F896D9F007CC64F /* WebKit.framework */,
				437BE3B61F895D3200F7FB0C /* MapKit.framework */,
				8E0CBC7E332C75D8DD20EEF3 /* libPods-diamondCard.a */,
				FEF3457CE4324F07772946ED /* libPods-diamondCardTests.a */,
			);
			name = Frameworks;
			sourceTree = "<group>";
		};
		D71AFC8C1F9A0D60000A44C9 /* Buyer */ = {
			isa = PBXGroup;
			children = (
				D71AFC901F9A0D88000A44C9 /* LGQrHomeVC.h */,
				D71AFC911F9A0D88000A44C9 /* LGQrHomeVC.m */,
			);
			path = Buyer;
			sourceTree = "<group>";
		};
		D71AFC961F9A200F000A44C9 /* ContrAgent */ = {
			isa = PBXGroup;
			children = (
				D71AFC971F9A234A000A44C9 /* ContrAgentHomeVC.h */,
				D71AFC981F9A234A000A44C9 /* ContrAgentHomeVC.m */,
			);
			path = ContrAgent;
			sourceTree = "<group>";
		};
/* End PBXGroup section */

/* Begin PBXNativeTarget section */
		437BE3881F89547900F7FB0C /* diamondCard */ = {
			isa = PBXNativeTarget;
			buildConfigurationList = 437BE3AA1F89547B00F7FB0C /* Build configuration list for PBXNativeTarget "diamondCard" */;
			buildPhases = (
				7AF9C0D263925C4EFE79A481 /* [CP] Check Pods Manifest.lock */,
				437BE3851F89547900F7FB0C /* Sources */,
				437BE3861F89547900F7FB0C /* Frameworks */,
				437BE3871F89547900F7FB0C /* Resources */,
				FFACB81D8441E32F1C124BFA /* [CP] Embed Pods Frameworks */,
				0CF3AEA652ACF3F4EDACC79D /* [CP] Copy Pods Resources */,
			);
			buildRules = (
			);
			dependencies = (
			);
			name = diamondCard;
			productName = diamondCard;
			productReference = 437BE3891F89547A00F7FB0C /* diamondCard.app */;
			productType = "com.apple.product-type.application";
		};
		437BE3A01F89547B00F7FB0C /* diamondCardTests */ = {
			isa = PBXNativeTarget;
			buildConfigurationList = 437BE3AD1F89547B00F7FB0C /* Build configuration list for PBXNativeTarget "diamondCardTests" */;
			buildPhases = (
				F2AC82E4F66A82D4D1818403 /* [CP] Check Pods Manifest.lock */,
				437BE39D1F89547B00F7FB0C /* Sources */,
				437BE39E1F89547B00F7FB0C /* Frameworks */,
				437BE39F1F89547B00F7FB0C /* Resources */,
				9B3E5897B81F258E5BDAB93F /* [CP] Embed Pods Frameworks */,
				71FF9B8A4BA38AD586E572E6 /* [CP] Copy Pods Resources */,
			);
			buildRules = (
			);
			dependencies = (
				437BE3A31F89547B00F7FB0C /* PBXTargetDependency */,
			);
			name = diamondCardTests;
			productName = diamondCardTests;
			productReference = 437BE3A11F89547B00F7FB0C /* diamondCardTests.xctest */;
			productType = "com.apple.product-type.bundle.unit-test";
		};
/* End PBXNativeTarget section */

/* Begin PBXProject section */
		437BE3811F89547900F7FB0C /* Project object */ = {
			isa = PBXProject;
			attributes = {
				LastUpgradeCheck = 0900;
				ORGANIZATIONNAME = "NSD NULL";
				TargetAttributes = {
					437BE3881F89547900F7FB0C = {
						CreatedOnToolsVersion = 9.0;
						ProvisioningStyle = Automatic;
					};
					437BE3A01F89547B00F7FB0C = {
						CreatedOnToolsVersion = 9.0;
						ProvisioningStyle = Automatic;
						TestTargetID = 437BE3881F89547900F7FB0C;
					};
				};
			};
			buildConfigurationList = 437BE3841F89547900F7FB0C /* Build configuration list for PBXProject "diamondCard" */;
			compatibilityVersion = "Xcode 8.0";
			developmentRegion = en;
			hasScannedForEncodings = 0;
			knownRegions = (
				en,
				Base,
			);
			mainGroup = 437BE3801F89547900F7FB0C;
			productRefGroup = 437BE38A1F89547A00F7FB0C /* Products */;
			projectDirPath = "";
			projectRoot = "";
			targets = (
				437BE3881F89547900F7FB0C /* diamondCard */,
				437BE3A01F89547B00F7FB0C /* diamondCardTests */,
			);
		};
/* End PBXProject section */

/* Begin PBXResourcesBuildPhase section */
		437BE3871F89547900F7FB0C /* Resources */ = {
			isa = PBXResourcesBuildPhase;
			buildActionMask = 2147483647;
			files = (
				437BE3991F89547B00F7FB0C /* LaunchScreen.storyboard in Resources */,
				437BE3961F89547B00F7FB0C /* Assets.xcassets in Resources */,
				437BE3941F89547B00F7FB0C /* Main.storyboard in Resources */,
			);
			runOnlyForDeploymentPostprocessing = 0;
		};
		437BE39F1F89547B00F7FB0C /* Resources */ = {
			isa = PBXResourcesBuildPhase;
			buildActionMask = 2147483647;
			files = (
			);
			runOnlyForDeploymentPostprocessing = 0;
		};
/* End PBXResourcesBuildPhase section */

/* Begin PBXShellScriptBuildPhase section */
		0CF3AEA652ACF3F4EDACC79D /* [CP] Copy Pods Resources */ = {
			isa = PBXShellScriptBuildPhase;
			buildActionMask = 2147483647;
			files = (
			);
			inputPaths = (
			);
			name = "[CP] Copy Pods Resources";
			outputPaths = (
			);
			runOnlyForDeploymentPostprocessing = 0;
			shellPath = /bin/sh;
			shellScript = "\"${SRCROOT}/Pods/Target Support Files/Pods-diamondCard/Pods-diamondCard-resources.sh\"\n";
			showEnvVarsInLog = 0;
		};
		71FF9B8A4BA38AD586E572E6 /* [CP] Copy Pods Resources */ = {
			isa = PBXShellScriptBuildPhase;
			buildActionMask = 2147483647;
			files = (
			);
			inputPaths = (
			);
			name = "[CP] Copy Pods Resources";
			outputPaths = (
			);
			runOnlyForDeploymentPostprocessing = 0;
			shellPath = /bin/sh;
			shellScript = "\"${SRCROOT}/Pods/Target Support Files/Pods-diamondCardTests/Pods-diamondCardTests-resources.sh\"\n";
			showEnvVarsInLog = 0;
		};
		7AF9C0D263925C4EFE79A481 /* [CP] Check Pods Manifest.lock */ = {
			isa = PBXShellScriptBuildPhase;
			buildActionMask = 2147483647;
			files = (
			);
			inputPaths = (
				"${PODS_PODFILE_DIR_PATH}/Podfile.lock",
				"${PODS_ROOT}/Manifest.lock",
			);
			name = "[CP] Check Pods Manifest.lock";
			outputPaths = (
				"$(DERIVED_FILE_DIR)/Pods-diamondCard-checkManifestLockResult.txt",
			);
			runOnlyForDeploymentPostprocessing = 0;
			shellPath = /bin/sh;
			shellScript = "diff \"${PODS_PODFILE_DIR_PATH}/Podfile.lock\" \"${PODS_ROOT}/Manifest.lock\" > /dev/null\nif [ $? != 0 ] ; then\n    # print error to STDERR\n    echo \"error: The sandbox is not in sync with the Podfile.lock. Run 'pod install' or update your CocoaPods installation.\" >&2\n    exit 1\nfi\n# This output is used by Xcode 'outputs' to avoid re-running this script phase.\necho \"SUCCESS\" > \"${SCRIPT_OUTPUT_FILE_0}\"\n";
			showEnvVarsInLog = 0;
		};
		9B3E5897B81F258E5BDAB93F /* [CP] Embed Pods Frameworks */ = {
			isa = PBXShellScriptBuildPhase;
			buildActionMask = 2147483647;
			files = (
			);
			inputPaths = (
			);
			name = "[CP] Embed Pods Frameworks";
			outputPaths = (
			);
			runOnlyForDeploymentPostprocessing = 0;
			shellPath = /bin/sh;
			shellScript = "\"${SRCROOT}/Pods/Target Support Files/Pods-diamondCardTests/Pods-diamondCardTests-frameworks.sh\"\n";
			showEnvVarsInLog = 0;
		};
		F2AC82E4F66A82D4D1818403 /* [CP] Check Pods Manifest.lock */ = {
			isa = PBXShellScriptBuildPhase;
			buildActionMask = 2147483647;
			files = (
			);
			inputPaths = (
				"${PODS_PODFILE_DIR_PATH}/Podfile.lock",
				"${PODS_ROOT}/Manifest.lock",
			);
			name = "[CP] Check Pods Manifest.lock";
			outputPaths = (
				"$(DERIVED_FILE_DIR)/Pods-diamondCardTests-checkManifestLockResult.txt",
			);
			runOnlyForDeploymentPostprocessing = 0;
			shellPath = /bin/sh;
			shellScript = "diff \"${PODS_PODFILE_DIR_PATH}/Podfile.lock\" \"${PODS_ROOT}/Manifest.lock\" > /dev/null\nif [ $? != 0 ] ; then\n    # print error to STDERR\n    echo \"error: The sandbox is not in sync with the Podfile.lock. Run 'pod install' or update your CocoaPods installation.\" >&2\n    exit 1\nfi\n# This output is used by Xcode 'outputs' to avoid re-running this script phase.\necho \"SUCCESS\" > \"${SCRIPT_OUTPUT_FILE_0}\"\n";
			showEnvVarsInLog = 0;
		};
		FFACB81D8441E32F1C124BFA /* [CP] Embed Pods Frameworks */ = {
			isa = PBXShellScriptBuildPhase;
			buildActionMask = 2147483647;
			files = (
			);
			inputPaths = (
			);
			name = "[CP] Embed Pods Frameworks";
			outputPaths = (
			);
			runOnlyForDeploymentPostprocessing = 0;
			shellPath = /bin/sh;
			shellScript = "\"${SRCROOT}/Pods/Target Support Files/Pods-diamondCard/Pods-diamondCard-frameworks.sh\"\n";
			showEnvVarsInLog = 0;
		};
/* End PBXShellScriptBuildPhase section */

/* Begin PBXSourcesBuildPhase section */
		437BE3851F89547900F7FB0C /* Sources */ = {
			isa = PBXSourcesBuildPhase;
			buildActionMask = 2147483647;
			files = (
				437BE3911F89547B00F7FB0C /* ViewController.m in Sources */,
				437BE3B41F8954C000F7FB0C /* DCLoginViewController.m in Sources */,
				D7AAA0F61F8E40E6003A7F6C /* ACProgressBarDisplayer.m in Sources */,
				D71AFC951F9A0ED8000A44C9 /* LGUserData.m in Sources */,
				D71AFC991F9A234A000A44C9 /* ContrAgentHomeVC.m in Sources */,
				D71AFC921F9A0D88000A44C9 /* LGQrHomeVC.m in Sources */,
				D71AFC881F9A0BDE000A44C9 /* CIColor+QRCode.m in Sources */,
				434886261F8A10A3007CC64F /* LGError.m in Sources */,
				D71AFC9C1F9A46F5000A44C9 /* PuscareViewController.m in Sources */,
				434886301F8A1A5C007CC64F /* NSMutableURLRequest+LGHTTP.m in Sources */,
				434886331F8A1AF3007CC64F /* DCRequest.m in Sources */,
				D71AFC8B1F9A0CCD000A44C9 /* QRCodeGenerator.m in Sources */,
				437BE39C1F89547B00F7FB0C /* main.m in Sources */,
				4348861B1F897D18007CC64F /* DCRegViewController.m in Sources */,
				D71AFC831F9A03BB000A44C9 /* VPBiometricAuthenticationFacade.m in Sources */,
				4348862C1F8A19DF007CC64F /* NSDictionary+LGHTTP.m in Sources */,
				437BE38E1F89547A00F7FB0C /* AppDelegate.m in Sources */,
				434886221F8A105C007CC64F /* LGHTTPClient.m in Sources */,
			);
			runOnlyForDeploymentPostprocessing = 0;
		};
		437BE39D1F89547B00F7FB0C /* Sources */ = {
			isa = PBXSourcesBuildPhase;
			buildActionMask = 2147483647;
			files = (
				437BE3A61F89547B00F7FB0C /* diamondCardTests.m in Sources */,
			);
			runOnlyForDeploymentPostprocessing = 0;
		};
/* End PBXSourcesBuildPhase section */

/* Begin PBXTargetDependency section */
		437BE3A31F89547B00F7FB0C /* PBXTargetDependency */ = {
			isa = PBXTargetDependency;
			target = 437BE3881F89547900F7FB0C /* diamondCard */;
			targetProxy = 437BE3A21F89547B00F7FB0C /* PBXContainerItemProxy */;
		};
/* End PBXTargetDependency section */

/* Begin PBXVariantGroup section */
		437BE3921F89547B00F7FB0C /* Main.storyboard */ = {
			isa = PBXVariantGroup;
			children = (
				437BE3931F89547B00F7FB0C /* Base */,
			);
			name = Main.storyboard;
			sourceTree = "<group>";
		};
		437BE3971F89547B00F7FB0C /* LaunchScreen.storyboard */ = {
			isa = PBXVariantGroup;
			children = (
				437BE3981F89547B00F7FB0C /* Base */,
			);
			name = LaunchScreen.storyboard;
			sourceTree = "<group>";
		};
/* End PBXVariantGroup section */

/* Begin XCBuildConfiguration section */
		437BE3A81F89547B00F7FB0C /* Debug */ = {
			isa = XCBuildConfiguration;
			buildSettings = {
				ALWAYS_SEARCH_USER_PATHS = NO;
				CLANG_ANALYZER_NONNULL = YES;
				CLANG_ANALYZER_NUMBER_OBJECT_CONVERSION = YES_AGGRESSIVE;
				CLANG_CXX_LANGUAGE_STANDARD = "gnu++14";
				CLANG_CXX_LIBRARY = "libc++";
				CLANG_ENABLE_MODULES = YES;
				CLANG_ENABLE_OBJC_ARC = YES;
				CLANG_WARN_BLOCK_CAPTURE_AUTORELEASING = YES;
				CLANG_WARN_BOOL_CONVERSION = YES;
				CLANG_WARN_COMMA = YES;
				CLANG_WARN_CONSTANT_CONVERSION = YES;
				CLANG_WARN_DIRECT_OBJC_ISA_USAGE = YES_ERROR;
				CLANG_WARN_DOCUMENTATION_COMMENTS = YES;
				CLANG_WARN_EMPTY_BODY = YES;
				CLANG_WARN_ENUM_CONVERSION = YES;
				CLANG_WARN_INFINITE_RECURSION = YES;
				CLANG_WARN_INT_CONVERSION = YES;
				CLANG_WARN_NON_LITERAL_NULL_CONVERSION = YES;
				CLANG_WARN_OBJC_LITERAL_CONVERSION = YES;
				CLANG_WARN_OBJC_ROOT_CLASS = YES_ERROR;
				CLANG_WARN_RANGE_LOOP_ANALYSIS = YES;
				CLANG_WARN_STRICT_PROTOTYPES = YES;
				CLANG_WARN_SUSPICIOUS_MOVE = YES;
				CLANG_WARN_UNGUARDED_AVAILABILITY = YES_AGGRESSIVE;
				CLANG_WARN_UNREACHABLE_CODE = YES;
				CLANG_WARN__DUPLICATE_METHOD_MATCH = YES;
				CODE_SIGN_IDENTITY = "iPhone Developer";
				COPY_PHASE_STRIP = NO;
				DEBUG_INFORMATION_FORMAT = dwarf;
				ENABLE_STRICT_OBJC_MSGSEND = YES;
				ENABLE_TESTABILITY = YES;
				GCC_C_LANGUAGE_STANDARD = gnu11;
				GCC_DYNAMIC_NO_PIC = NO;
				GCC_NO_COMMON_BLOCKS = YES;
				GCC_OPTIMIZATION_LEVEL = 0;
				GCC_PREPROCESSOR_DEFINITIONS = (
					"DEBUG=1",
					"$(inherited)",
				);
				GCC_WARN_64_TO_32_BIT_CONVERSION = YES;
				GCC_WARN_ABOUT_RETURN_TYPE = YES_ERROR;
				GCC_WARN_UNDECLARED_SELECTOR = YES;
				GCC_WARN_UNINITIALIZED_AUTOS = YES_AGGRESSIVE;
				GCC_WARN_UNUSED_FUNCTION = YES;
				GCC_WARN_UNUSED_VARIABLE = YES;
				IPHONEOS_DEPLOYMENT_TARGET = 11.0;
				MTL_ENABLE_DEBUG_INFO = YES;
				ONLY_ACTIVE_ARCH = YES;
				SDKROOT = iphoneos;
			};
			name = Debug;
		};
		437BE3A91F89547B00F7FB0C /* Release */ = {
			isa = XCBuildConfiguration;
			buildSettings = {
				ALWAYS_SEARCH_USER_PATHS = NO;
				CLANG_ANALYZER_NONNULL = YES;
				CLANG_ANALYZER_NUMBER_OBJECT_CONVERSION = YES_AGGRESSIVE;
				CLANG_CXX_LANGUAGE_STANDARD = "gnu++14";
				CLANG_CXX_LIBRARY = "libc++";
				CLANG_ENABLE_MODULES = YES;
				CLANG_ENABLE_OBJC_ARC = YES;
				CLANG_WARN_BLOCK_CAPTURE_AUTORELEASING = YES;
				CLANG_WARN_BOOL_CONVERSION = YES;
				CLANG_WARN_COMMA = YES;
				CLANG_WARN_CONSTANT_CONVERSION = YES;
				CLANG_WARN_DIRECT_OBJC_ISA_USAGE = YES_ERROR;
				CLANG_WARN_DOCUMENTATION_COMMENTS = YES;
				CLANG_WARN_EMPTY_BODY = YES;
				CLANG_WARN_ENUM_CONVERSION = YES;
				CLANG_WARN_INFINITE_RECURSION = YES;
				CLANG_WARN_INT_CONVERSION = YES;
				CLANG_WARN_NON_LITERAL_NULL_CONVERSION = YES;
				CLANG_WARN_OBJC_LITERAL_CONVERSION = YES;
				CLANG_WARN_OBJC_ROOT_CLASS = YES_ERROR;
				CLANG_WARN_RANGE_LOOP_ANALYSIS = YES;
				CLANG_WARN_STRICT_PROTOTYPES = YES;
				CLANG_WARN_SUSPICIOUS_MOVE = YES;
				CLANG_WARN_UNGUARDED_AVAILABILITY = YES_AGGRESSIVE;
				CLANG_WARN_UNREACHABLE_CODE = YES;
				CLANG_WARN__DUPLICATE_METHOD_MATCH = YES;
				CODE_SIGN_IDENTITY = "iPhone Developer";
				COPY_PHASE_STRIP = NO;
				DEBUG_INFORMATION_FORMAT = "dwarf-with-dsym";
				ENABLE_NS_ASSERTIONS = NO;
				ENABLE_STRICT_OBJC_MSGSEND = YES;
				GCC_C_LANGUAGE_STANDARD = gnu11;
				GCC_NO_COMMON_BLOCKS = YES;
				GCC_WARN_64_TO_32_BIT_CONVERSION = YES;
				GCC_WARN_ABOUT_RETURN_TYPE = YES_ERROR;
				GCC_WARN_UNDECLARED_SELECTOR = YES;
				GCC_WARN_UNINITIALIZED_AUTOS = YES_AGGRESSIVE;
				GCC_WARN_UNUSED_FUNCTION = YES;
				GCC_WARN_UNUSED_VARIABLE = YES;
				IPHONEOS_DEPLOYMENT_TARGET = 11.0;
				MTL_ENABLE_DEBUG_INFO = NO;
				SDKROOT = iphoneos;
				VALIDATE_PRODUCT = YES;
			};
			name = Release;
		};
		437BE3AB1F89547B00F7FB0C /* Debug */ = {
			isa = XCBuildConfiguration;
			baseConfigurationReference = 00A56642DE956BB8EEE51C8E /* Pods-diamondCard.debug.xcconfig */;
			buildSettings = {
				ASSETCATALOG_COMPILER_APPICON_NAME = AppIcon;
				"CODE_SIGN_IDENTITY[sdk=iphoneos*]" = "iPhone Developer";
				CODE_SIGN_STYLE = Automatic;
				DEVELOPMENT_TEAM = 328Q23T368;
				INFOPLIST_FILE = diamondCard/Info.plist;
				IPHONEOS_DEPLOYMENT_TARGET = 10.0;
				LD_RUNPATH_SEARCH_PATHS = "$(inherited) @executable_path/Frameworks";
				PRODUCT_BUNDLE_IDENTIFIER = com.nsd.diamondCard;
				PRODUCT_NAME = "$(TARGET_NAME)";
				PROVISIONING_PROFILE_SPECIFIER = "";
				TARGETED_DEVICE_FAMILY = 1;
			};
			name = Debug;
		};
		437BE3AC1F89547B00F7FB0C /* Release */ = {
			isa = XCBuildConfiguration;
			baseConfigurationReference = 7F9902B8206D0D23137B4544 /* Pods-diamondCard.release.xcconfig */;
			buildSettings = {
				ASSETCATALOG_COMPILER_APPICON_NAME = AppIcon;
				"CODE_SIGN_IDENTITY[sdk=iphoneos*]" = "iPhone Developer";
				CODE_SIGN_STYLE = Automatic;
				DEVELOPMENT_TEAM = 328Q23T368;
				INFOPLIST_FILE = diamondCard/Info.plist;
				IPHONEOS_DEPLOYMENT_TARGET = 10.0;
				LD_RUNPATH_SEARCH_PATHS = "$(inherited) @executable_path/Frameworks";
				PRODUCT_BUNDLE_IDENTIFIER = com.nsd.diamondCard;
				PRODUCT_NAME = "$(TARGET_NAME)";
				PROVISIONING_PROFILE_SPECIFIER = "";
				TARGETED_DEVICE_FAMILY = 1;
			};
			name = Release;
		};
		437BE3AE1F89547B00F7FB0C /* Debug */ = {
			isa = XCBuildConfiguration;
			baseConfigurationReference = 6CED2BC7B7FE237F67A58935 /* Pods-diamondCardTests.debug.xcconfig */;
			buildSettings = {
				BUNDLE_LOADER = "$(TEST_HOST)";
				CODE_SIGN_STYLE = Automatic;
				DEVELOPMENT_TEAM = 328Q23T368;
				INFOPLIST_FILE = diamondCardTests/Info.plist;
				LD_RUNPATH_SEARCH_PATHS = "$(inherited) @executable_path/Frameworks @loader_path/Frameworks";
				PRODUCT_BUNDLE_IDENTIFIER = com.nsd.diamondCardTests;
				PRODUCT_NAME = "$(TARGET_NAME)";
				TARGETED_DEVICE_FAMILY = "1,2";
				TEST_HOST = "$(BUILT_PRODUCTS_DIR)/diamondCard.app/diamondCard";
			};
			name = Debug;
		};
		437BE3AF1F89547B00F7FB0C /* Release */ = {
			isa = XCBuildConfiguration;
			baseConfigurationReference = 2311C9A028DE6C82F418B758 /* Pods-diamondCardTests.release.xcconfig */;
			buildSettings = {
				BUNDLE_LOADER = "$(TEST_HOST)";
				CODE_SIGN_STYLE = Automatic;
				DEVELOPMENT_TEAM = 328Q23T368;
				INFOPLIST_FILE = diamondCardTests/Info.plist;
				LD_RUNPATH_SEARCH_PATHS = "$(inherited) @executable_path/Frameworks @loader_path/Frameworks";
				PRODUCT_BUNDLE_IDENTIFIER = com.nsd.diamondCardTests;
				PRODUCT_NAME = "$(TARGET_NAME)";
				TARGETED_DEVICE_FAMILY = "1,2";
				TEST_HOST = "$(BUILT_PRODUCTS_DIR)/diamondCard.app/diamondCard";
			};
			name = Release;
		};
/* End XCBuildConfiguration section */

/* Begin XCConfigurationList section */
		437BE3841F89547900F7FB0C /* Build configuration list for PBXProject "diamondCard" */ = {
			isa = XCConfigurationList;
			buildConfigurations = (
				437BE3A81F89547B00F7FB0C /* Debug */,
				437BE3A91F89547B00F7FB0C /* Release */,
			);
			defaultConfigurationIsVisible = 0;
			defaultConfigurationName = Release;
		};
		437BE3AA1F89547B00F7FB0C /* Build configuration list for PBXNativeTarget "diamondCard" */ = {
			isa = XCConfigurationList;
			buildConfigurations = (
				437BE3AB1F89547B00F7FB0C /* Debug */,
				437BE3AC1F89547B00F7FB0C /* Release */,
			);
			defaultConfigurationIsVisible = 0;
			defaultConfigurationName = Release;
		};
		437BE3AD1F89547B00F7FB0C /* Build configuration list for PBXNativeTarget "diamondCardTests" */ = {
			isa = XCConfigurationList;
			buildConfigurations = (
				437BE3AE1F89547B00F7FB0C /* Debug */,
				437BE3AF1F89547B00F7FB0C /* Release */,
			);
			defaultConfigurationIsVisible = 0;
			defaultConfigurationName = Release;
		};
/* End XCConfigurationList section */
	};
	rootObject = 437BE3811F89547900F7FB0C /* Project object */;
}
